{
  "version": 4,
  "terraform_version": "1.14.7",
  "serial": 51,
  "lineage": "4f763fe9-aa6a-faa6-6994-4053f54ab779",
  "outputs": {
    "api_url": {
      "value": "https://67c2h49fs7.execute-api.us-east-2.amazonaws.com/",
      "type": "string"
    },
    "aws_region": {
      "value": "us-east-2",
      "type": "string"
    },
    "cognito_app_client_id": {
      "value": "6qgomjs5idrtk26029v3535i3f",
      "type": "string"
    },
    "cognito_user_pool_id": {
      "value": "us-east-2_NcnGIsmxz",
      "type": "string"
    },
    "database_url": {
      "value": "postgresql://pp_backend_admin:PantryPal2026!@pp-backend-db.ct2yqko6s3so.us-east-2.rds.amazonaws.com:5432/pp_backend?schema=pantrypal_app",
      "type": "string",
      "sensitive": true
    },
    "pantry_uploads_bucket": {
      "value": "pp-backend-pantry-images",
      "type": "string"
    },
    "rds_endpoint": {
      "value": "pp-backend-db.ct2yqko6s3so.us-east-2.rds.amazonaws.com:5432",
      "type": "string"
    },
    "recipe_cache_bucket": {
      "value": "pp-backend-recipe-cache",
      "type": "string"
    }
  },
  "resources": [
    {
      "mode": "data",
      "type": "aws_subnets",
      "name": "default",
      "provider": "provider[\"registry.terraform.io/hashicorp/aws\"]",
      "instances": [
        {
          "schema_version": 0,
          "attributes": {
            "filter": [
              {
                "name": "vpc-id",
                "values": [
                  "vpc-0db7172ec4b71b52e"
                ]
              }
            ],
            "id": "us-east-2",
            "ids": [
              "subnet-05a2fdc677ccf32e6",
              "subnet-00ca58b90d04a75e1",
              "subnet-0e2c20f8ed9a80683"
            ],
            "tags": null,
            "timeouts": null
          },
          "sensitive_attributes": [],
          "identity_schema_version": 0
        }
      ]
    },
    {
      "mode": "data",
      "type": "aws_vpc",
      "name": "default",
      "provider": "provider[\"registry.terraform.io/hashicorp/aws\"]",
      "instances": [
        {
          "schema_version": 0,
          "attributes": {
            "arn": "arn:aws:ec2:us-east-2:175948132683:vpc/vpc-0db7172ec4b71b52e",
            "cidr_block": "172.31.0.0/16",
            "cidr_block_associations": [
              {
                "association_id": "vpc-cidr-assoc-0d611a72c9714907b",
                "cidr_block": "172.31.0.0/16",
                "state": "associated"
              }
            ],
            "default": true,
            "dhcp_options_id": "dopt-0c2af2d7644eec6ff",
            "enable_dns_hostnames": true,
            "enable_dns_support": true,
            "enable_network_address_usage_metrics": false,
            "filter": null,
            "id": "vpc-0db7172ec4b71b52e",
            "instance_tenancy": "default",
            "ipv6_association_id": "",
            "ipv6_cidr_block": "",
            "main_route_table_id": "",
            "owner_id": "175948132683",
            "state": null,
            "tags": {},
            "timeouts": null
          },
          "sensitive_attributes": [],
          "identity_schema_version": 0
        }
      ]
    },
    {
      "mode": "managed",
      "type": "aws_apigatewayv2_api",
      "name": "http",
      "provider": "provider[\"registry.terraform.io/hashicorp/aws\"]",
      "instances": [
        {
          "schema_version": 0,
          "attributes": {
            "api_endpoint": "https://67c2h49fs7.execute-api.us-east-2.amazonaws.com",
            "api_key_selection_expression": "$request.header.x-api-key",
            "arn": "arn:aws:apigateway:us-east-2::/apis/67c2h49fs7",
            "body": null,
            "cors_configuration": [
              {
                "allow_credentials": false,
                "allow_headers": [
                  "authorization",
                  "content-type"
                ],
                "allow_methods": [
                  "DELETE",
                  "GET",
                  "OPTIONS",
                  "PATCH",
                  "POST"
                ],
                "allow_origins": [
                  "http://localhost:5173",
                  "https://master.d9r76n3j0xze1.amplifyapp.com"
                ],
                "expose_headers": [],
                "max_age": 0
              }
            ],
            "credentials_arn": null,
            "description": "",
            "disable_execute_api_endpoint": false,
            "execution_arn": "arn:aws:execute-api:us-east-2:175948132683:67c2h49fs7",
            "fail_on_warnings": null,
            "id": "67c2h49fs7",
            "ip_address_type": "ipv4",
            "name": "pp-backend-http-api",
            "protocol_type": "HTTP",
            "route_key": null,
            "route_selection_expression": "$request.method $request.path",
            "tags": {},
            "tags_all": {},
            "target": null,
            "version": ""
          },
          "sensitive_attributes": [],
          "identity_schema_version": 0,
          "private": "bnVsbA=="
        }
      ]
    },
    {
      "mode": "managed",
      "type": "aws_apigatewayv2_integration",
      "name": "lambda",
      "provider": "provider[\"registry.terraform.io/hashicorp/aws\"]",
      "instances": [
        {
          "schema_version": 0,
          "attributes": {
            "api_id": "67c2h49fs7",
            "connection_id": "",
            "connection_type": "INTERNET",
            "content_handling_strategy": "",
            "credentials_arn": "",
            "description": "",
            "id": "h7iz72e",
            "integration_method": "POST",
            "integration_response_selection_expression": "",
            "integration_subtype": "",
            "integration_type": "AWS_PROXY",
            "integration_uri": "arn:aws:apigateway:us-east-2:lambda:path/2015-03-31/functions/arn:aws:lambda:us-east-2:175948132683:function:pp-backend-api/invocations",
            "passthrough_behavior": "",
            "payload_format_version": "2.0",
            "request_parameters": {},
            "request_templates": {},
            "response_parameters": [],
            "template_selection_expression": "",
            "timeout_milliseconds": 30000,
            "tls_config": []
          },
          "sensitive_attributes": [],
          "identity_schema_version": 0,
          "private": "bnVsbA==",
          "dependencies": [
            "aws_apigatewayv2_api.http",
            "aws_cognito_user_pool.main",
            "aws_cognito_user_pool_client.main",
            "aws_db_instance.main",
            "aws_db_subnet_group.main",
            "aws_iam_role.lambda_exec",
            "aws_lambda_function.api",
            "aws_s3_bucket.pantry_uploads",
            "aws_s3_bucket.recipe_cache",
            "aws_security_group.rds",
            "data.aws_subnets.default",
            "data.aws_vpc.default"
          ]
        }
      ]
    },
    {
      "mode": "managed",
      "type": "aws_apigatewayv2_route",
      "name": "proxy",
      "provider": "provider[\"registry.terraform.io/hashicorp/aws\"]",
      "instances": [
        {
          "schema_version": 0,
          "attributes": {
            "api_id": "67c2h49fs7",
            "api_key_required": false,
            "authorization_scopes": [],
            "authorization_type": "NONE",
            "authorizer_id": "",
            "id": "j3fzerg",
            "model_selection_expression": "",
            "operation_name": "",
            "request_models": {},
            "request_parameter": [],
            "route_key": "$default",
            "route_response_selection_expression": "",
            "target": "integrations/h7iz72e"
          },
          "sensitive_attributes": [],
          "identity_schema_version": 0,
          "private": "bnVsbA==",
          "dependencies": [
            "aws_apigatewayv2_api.http",
            "aws_apigatewayv2_integration.lambda",
            "aws_cognito_user_pool.main",
            "aws_cognito_user_pool_client.main",
            "aws_db_instance.main",
            "aws_db_subnet_group.main",
            "aws_iam_role.lambda_exec",
            "aws_lambda_function.api",
            "aws_s3_bucket.pantry_uploads",
            "aws_s3_bucket.recipe_cache",
            "aws_security_group.rds",
            "data.aws_subnets.default",
            "data.aws_vpc.default"
          ]
        }
      ]
    },
    {
      "mode": "managed",
      "type": "aws_apigatewayv2_stage",
      "name": "default",
      "provider": "provider[\"registry.terraform.io/hashicorp/aws\"]",
      "instances": [
        {
          "schema_version": 0,
          "attributes": {
            "access_log_settings": [],
            "api_id": "67c2h49fs7",
            "arn": "arn:aws:apigateway:us-east-2::/apis/67c2h49fs7/stages/$default",
            "auto_deploy": true,
            "client_certificate_id": "",
            "default_route_settings": [
              {
                "data_trace_enabled": false,
                "detailed_metrics_enabled": false,
                "logging_level": "",
                "throttling_burst_limit": 0,
                "throttling_rate_limit": 0
              }
            ],
            "deployment_id": "q8qtwo",
            "description": "",
            "execution_arn": "arn:aws:execute-api:us-east-2:175948132683:67c2h49fs7/$default",
            "id": "$default",
            "invoke_url": "https://67c2h49fs7.execute-api.us-east-2.amazonaws.com/",
            "name": "$default",
            "route_settings": [],
            "stage_variables": {},
            "tags": {},
            "tags_all": {}
          },
          "sensitive_attributes": [],
          "identity_schema_version": 0,
          "private": "bnVsbA==",
          "dependencies": [
            "aws_apigatewayv2_api.http"
          ]
        }
      ]
    },
    {
      "mode": "managed",
      "type": "aws_cognito_user_pool",
      "name": "main",
      "provider": "provider[\"registry.terraform.io/hashicorp/aws\"]",
      "instances": [
        {
          "schema_version": 0,
          "attributes": {
            "account_recovery_setting": [
              {
                "recovery_mechanism": [
                  {
                    "name": "verified_email",
                    "priority": 1
                  },
                  {
                    "name": "verified_phone_number",
                    "priority": 2
                  }
                ]
              }
            ],
            "admin_create_user_config": [
              {
                "allow_admin_create_user_only": false,
                "invite_message_template": []
              }
            ],
            "alias_attributes": null,
            "arn": "arn:aws:cognito-idp:us-east-2:175948132683:userpool/us-east-2_NcnGIsmxz",
            "auto_verified_attributes": [
              "email"
            ],
            "creation_date": "2026-04-18T14:11:38Z",
            "custom_domain": "",
            "deletion_protection": "INACTIVE",
            "device_configuration": [],
            "domain": "",
            "email_configuration": [
              {
                "configuration_set": "",
                "email_sending_account": "COGNITO_DEFAULT",
                "from_email_address": "",
                "reply_to_email_address": "",
                "source_arn": ""
              }
            ],
            "email_mfa_configuration": [],
            "email_verification_message": "",
            "email_verification_subject": "",
            "endpoint": "cognito-idp.us-east-2.amazonaws.com/us-east-2_NcnGIsmxz",
            "estimated_number_of_users": 1,
            "id": "us-east-2_NcnGIsmxz",
            "lambda_config": [],
            "last_modified_date": "2026-04-18T14:11:38Z",
            "mfa_configuration": "OFF",
            "name": "pp-backend-users",
            "password_policy": [
              {
                "minimum_length": 8,
                "password_history_size": 0,
                "require_lowercase": false,
                "require_numbers": true,
                "require_symbols": false,
                "require_uppercase": true,
                "temporary_password_validity_days": 7
              }
            ],
            "schema": [],
            "sign_in_policy": [
              {
                "allowed_first_auth_factors": [
                  "PASSWORD"
                ]
              }
            ],
            "sms_authentication_message": "",
            "sms_configuration": [],
            "sms_verification_message": "",
            "software_token_mfa_configuration": [],
            "tags": {},
            "tags_all": {},
            "user_attribute_update_settings": [],
            "user_pool_add_ons": [],
            "user_pool_tier": "ESSENTIALS",
            "username_attributes": [],
            "username_configuration": [],
            "verification_message_template": [
              {
                "default_email_option": "CONFIRM_WITH_CODE",
                "email_message": "",
                "email_message_by_link": "",
                "email_subject": "",
                "email_subject_by_link": "",
                "sms_message": ""
              }
            ],
            "web_authn_configuration": []
          },
          "sensitive_attributes": [],
          "identity_schema_version": 0,
          "private": "bnVsbA=="
        }
      ]
    },
    {
      "mode": "managed",
      "type": "aws_cognito_user_pool_client",
      "name": "main",
      "provider": "provider[\"registry.terraform.io/hashicorp/aws\"]",
      "instances": [
        {
          "schema_version": 0,
          "attributes": {
            "access_token_validity": 0,
            "allowed_oauth_flows": [],
            "allowed_oauth_flows_user_pool_client": false,
            "allowed_oauth_scopes": [],
            "analytics_configuration": [],
            "auth_session_validity": 3,
            "callback_urls": [],
            "client_secret": "",
            "default_redirect_uri": "",
            "enable_propagate_additional_user_context_data": false,
            "enable_token_revocation": true,
            "explicit_auth_flows": [
              "ALLOW_REFRESH_TOKEN_AUTH",
              "ALLOW_USER_SRP_AUTH"
            ],
            "generate_secret": null,
            "id": "6qgomjs5idrtk26029v3535i3f",
            "id_token_validity": 0,
            "logout_urls": [],
            "name": "pp-backend-web",
            "prevent_user_existence_errors": "",
            "read_attributes": [],
            "refresh_token_rotation": [],
            "refresh_token_validity": 30,
            "supported_identity_providers": [],
            "token_validity_units": [],
            "user_pool_id": "us-east-2_NcnGIsmxz",
            "write_attributes": []
          },
          "sensitive_attributes": [
            [
              {
                "type": "get_attr",
                "value": "client_secret"
              }
            ]
          ],
          "identity_schema_version": 0,
          "dependencies": [
            "aws_cognito_user_pool.main"
          ]
        }
      ]
    },
    {
      "mode": "managed",
      "type": "aws_db_instance",
      "name": "main",
      "provider": "provider[\"registry.terraform.io/hashicorp/aws\"]",
      "instances": [
        {
          "schema_version": 2,
          "attributes": {
            "address": "pp-backend-db.ct2yqko6s3so.us-east-2.rds.amazonaws.com",
            "allocated_storage": 20,
            "allow_major_version_upgrade": null,
            "apply_immediately": false,
            "arn": "arn:aws:rds:us-east-2:175948132683:db:pp-backend-db",
            "auto_minor_version_upgrade": true,
            "availability_zone": "us-east-2c",
            "backup_retention_period": 0,
            "backup_target": "region",
            "backup_window": "04:14-04:44",
            "blue_green_update": [],
            "ca_cert_identifier": "rds-ca-rsa2048-g1",
            "character_set_name": "",
            "copy_tags_to_snapshot": false,
            "custom_iam_instance_profile": "",
            "customer_owned_ip_enabled": false,
            "database_insights_mode": "standard",
            "db_name": "pp_backend",
            "db_subnet_group_name": "pp-backend-db-subnet",
            "dedicated_log_volume": false,
            "delete_automated_backups": true,
            "deletion_protection": false,
            "domain": "",
            "domain_auth_secret_arn": "",
            "domain_dns_ips": [],
            "domain_fqdn": "",
            "domain_iam_role_name": "",
            "domain_ou": "",
            "enabled_cloudwatch_logs_exports": [],
            "endpoint": "pp-backend-db.ct2yqko6s3so.us-east-2.rds.amazonaws.com:5432",
            "engine": "postgres",
            "engine_lifecycle_support": "open-source-rds-extended-support",
            "engine_version": "16",
            "engine_version_actual": "16.10",
            "final_snapshot_identifier": null,
            "hosted_zone_id": "Z2XHWR1WZ565X2",
            "iam_database_authentication_enabled": false,
            "id": "db-N5TTQKFNUCA7JFDHYUZTJBKPTY",
            "identifier": "pp-backend-db",
            "identifier_prefix": "",
            "instance_class": "db.t3.micro",
            "iops": 3000,
            "kms_key_id": "arn:aws:kms:us-east-2:175948132683:key/22889776-0a49-4366-992b-776ea0709c78",
            "latest_restorable_time": "",
            "license_model": "postgresql-license",
            "listener_endpoint": [],
            "maintenance_window": "fri:03:35-fri:04:05",
            "manage_master_user_password": null,
            "master_user_secret": [],
            "master_user_secret_kms_key_id": null,
            "max_allocated_storage": 0,
            "monitoring_interval": 0,
            "monitoring_role_arn": "",
            "multi_az": false,
            "nchar_character_set_name": "",
            "network_type": "IPV4",
            "option_group_name": "default:postgres-16",
            "parameter_group_name": "default.postgres16",
            "password": "PantryPal2026!",
            "password_wo": null,
            "password_wo_version": null,
            "performance_insights_enabled": false,
            "performance_insights_kms_key_id": "",
            "performance_insights_retention_period": 0,
            "port": 5432,
            "publicly_accessible": true,
            "replica_mode": "",
            "replicas": [],
            "replicate_source_db": "",
            "resource_id": "db-N5TTQKFNUCA7JFDHYUZTJBKPTY",
            "restore_to_point_in_time": [],
            "s3_import": [],
            "skip_final_snapshot": true,
            "snapshot_identifier": null,
            "status": "available",
            "storage_encrypted": true,
            "storage_throughput": 125,
            "storage_type": "gp3",
            "tags": {
              "Name": "pp-backend-db"
            },
            "tags_all": {
              "Name": "pp-backend-db"
            },
            "timeouts": null,
            "timezone": "",
            "upgrade_storage_config": null,
            "username": "pp_backend_admin",
            "vpc_security_group_ids": [
              "sg-04d4e477e6891e402"
            ]
          },
          "sensitive_attributes": [
            [
              {
                "type": "get_attr",
                "value": "password"
              }
            ],
            [
              {
                "type": "get_attr",
                "value": "password_wo"
              }
            ]
          ],
          "identity_schema_version": 0,
          "private": "eyJlMmJmYjczMC1lY2FhLTExZTYtOGY4OC0zNDM2M2JjN2M0YzAiOnsiY3JlYXRlIjozMDAwMDAwMDAwMDAwLCJkZWxldGUiOjM2MDAwMDAwMDAwMDAsInVwZGF0ZSI6NDgwMDAwMDAwMDAwMH0sInNjaGVtYV92ZXJzaW9uIjoiMiJ9",
          "dependencies": [
            "aws_db_subnet_group.main",
            "aws_security_group.rds",
            "data.aws_subnets.default",
            "data.aws_vpc.default"
          ]
        }
      ]
    },
    {
      "mode": "managed",
      "type": "aws_db_subnet_group",
      "name": "main",
      "provider": "provider[\"registry.terraform.io/hashicorp/aws\"]",
      "instances": [
        {
          "schema_version": 0,
          "attributes": {
            "arn": "arn:aws:rds:us-east-2:175948132683:subgrp:pp-backend-db-subnet",
            "description": "Managed by Terraform",
            "id": "pp-backend-db-subnet",
            "name": "pp-backend-db-subnet",
            "name_prefix": "",
            "subnet_ids": [
              "subnet-00ca58b90d04a75e1",
              "subnet-05a2fdc677ccf32e6",
              "subnet-0e2c20f8ed9a80683"
            ],
            "supported_network_types": [
              "IPV4"
            ],
            "tags": {
              "Name": "pp-backend-db-subnet"
            },
            "tags_all": {
              "Name": "pp-backend-db-subnet"
            },
            "vpc_id": "vpc-0db7172ec4b71b52e"
          },
          "sensitive_attributes": [],
          "identity_schema_version": 0,
          "private": "bnVsbA==",
          "dependencies": [
            "data.aws_subnets.default",
            "data.aws_vpc.default"
          ]
        }
      ]
    },
    {
      "mode": "managed",
      "type": "aws_iam_role",
      "name": "lambda_exec",
      "provider": "provider[\"registry.terraform.io/hashicorp/aws\"]",
      "instances": [
        {
          "schema_version": 0,
          "attributes": {
            "arn": "arn:aws:iam::175948132683:role/pp-backend-lambda-exec",
            "assume_role_policy": "{\"Statement\":[{\"Action\":\"sts:AssumeRole\",\"Effect\":\"Allow\",\"Principal\":{\"Service\":\"lambda.amazonaws.com\"}}],\"Version\":\"2012-10-17\"}",
            "create_date": "2026-04-18T14:30:50Z",
            "description": "",
            "force_detach_policies": false,
            "id": "pp-backend-lambda-exec",
            "inline_policy": [
              {
                "name": "terraform-20260418143050859900000001",
                "policy": "{\"Version\":\"2012-10-17\",\"Statement\":[{\"Action\":[\"logs:CreateLogGroup\",\"logs:CreateLogStream\",\"logs:PutLogEvents\"],\"Effect\":\"Allow\",\"Resource\":\"arn:aws:logs:*:*:*\"},{\"Action\":[\"s3:GetObject\",\"s3:PutObject\",\"s3:DeleteObject\"],\"Effect\":\"Allow\",\"Resource\":[\"arn:aws:s3:::pp-backend-pantry-images/*\",\"arn:aws:s3:::pp-backend-recipe-cache/*\"]},{\"Action\":[\"bedrock:InvokeModel\"],\"Effect\":\"Allow\",\"Resource\":\"*\"}]}"
              }
            ],
            "managed_policy_arns": [],
            "max_session_duration": 3600,
            "name": "pp-backend-lambda-exec",
            "name_prefix": "",
            "path": "/",
            "permissions_boundary": "",
            "tags": {},
            "tags_all": {},
            "unique_id": "AROASR52TOFF22KIR5SWR"
          },
          "sensitive_attributes": [],
          "identity_schema_version": 0,
          "private": "bnVsbA=="
        }
      ]
    },
    {
      "mode": "managed",
      "type": "aws_iam_role_policy",
      "name": "lambda_policy",
      "provider": "provider[\"registry.terraform.io/hashicorp/aws\"]",
      "instances": [
        {
          "schema_version": 0,
          "attributes": {
            "id": "pp-backend-lambda-exec:terraform-20260418143050859900000001",
            "name": "terraform-20260418143050859900000001",
            "name_prefix": "terraform-",
            "policy": "{\"Version\":\"2012-10-17\",\"Statement\":[{\"Action\":[\"logs:CreateLogGroup\",\"logs:CreateLogStream\",\"logs:PutLogEvents\"],\"Effect\":\"Allow\",\"Resource\":\"arn:aws:logs:*:*:*\"},{\"Action\":[\"s3:GetObject\",\"s3:PutObject\",\"s3:DeleteObject\"],\"Effect\":\"Allow\",\"Resource\":[\"arn:aws:s3:::pp-backend-pantry-images/*\",\"arn:aws:s3:::pp-backend-recipe-cache/*\"]},{\"Action\":[\"bedrock:InvokeModel\"],\"Effect\":\"Allow\",\"Resource\":\"*\"}]}",
            "role": "pp-backend-lambda-exec"
          },
          "sensitive_attributes": [],
          "identity_schema_version": 0,
          "private": "bnVsbA==",
          "dependencies": [
            "aws_iam_role.lambda_exec",
            "aws_s3_bucket.pantry_uploads",
            "aws_s3_bucket.recipe_cache"
          ]
        }
      ]
    },
    {
      "mode": "managed",
      "type": "aws_lambda_function",
      "name": "api",
      "provider": "provider[\"registry.terraform.io/hashicorp/aws\"]",
      "instances": [
        {
          "schema_version": 0,
          "attributes": {
            "architectures": [
              "x86_64"
            ],
            "arn": "arn:aws:lambda:us-east-2:175948132683:function:pp-backend-api",
            "code_sha256": "W6yoSC78qyjQ7mkjtwO+0I3ba9VWc/nbmp0v8mRXp7o=",
            "code_signing_config_arn": "",
            "dead_letter_config": [],
            "description": "",
            "environment": [
              {
                "variables": {
                  "BEDROCK_MODEL_ID": "arn:aws:bedrock:us-east-2:175948132683:inference-profile/us.amazon.nova-2-lite-v1:0",
                  "COGNITO_APP_CLIENT_ID": "6qgomjs5idrtk26029v3535i3f",
                  "COGNITO_REGION": "us-east-2",
                  "COGNITO_USER_POOL_ID": "us-east-2_NcnGIsmxz",
                  "DATABASE_URL": "postgresql://pp_backend_admin:PantryPal2026!@pp-backend-db.ct2yqko6s3so.us-east-2.rds.amazonaws.com:5432/pp_backend?schema=pantrypal_app",
                  "FRONTEND_ORIGIN": "http://localhost:5173,https://master.d9r76n3j0xze1.amplifyapp.com",
                  "PANTRY_IMAGES_BUCKET": "pp-backend-pantry-images",
                  "S3_BUCKET_RECIPE_CACHE": "pp-backend-recipe-cache",
                  "SPOONACULAR_API_KEY": "0d1ff29af6f942b0a6bcb52c0a5a6a56",
                  "UNSPLASH_ACCESS_KEY": "1h_HIcTMXZkhJv56PHKSpc7dDiHzNw4MKslPhO9Z6RU"
                }
              }
            ],
            "ephemeral_storage": [
              {
                "size": 512
              }
            ],
            "file_system_config": [],
            "filename": "../../dist/lambda.zip",
            "function_name": "pp-backend-api",
            "handler": "lambda.handler",
            "id": "pp-backend-api",
            "image_config": [],
            "image_uri": "",
            "invoke_arn": "arn:aws:apigateway:us-east-2:lambda:path/2015-03-31/functions/arn:aws:lambda:us-east-2:175948132683:function:pp-backend-api/invocations",
            "kms_key_arn": "",
            "last_modified": "2026-04-18T19:05:08.000+0000",
            "layers": [],
            "logging_config": [
              {
                "application_log_level": "",
                "log_format": "Text",
                "log_group": "/aws/lambda/pp-backend-api",
                "system_log_level": ""
              }
            ],
            "memory_size": 512,
            "package_type": "Zip",
            "publish": false,
            "qualified_arn": "arn:aws:lambda:us-east-2:175948132683:function:pp-backend-api:$LATEST",
            "qualified_invoke_arn": "arn:aws:apigateway:us-east-2:lambda:path/2015-03-31/functions/arn:aws:lambda:us-east-2:175948132683:function:pp-backend-api:$LATEST/invocations",
            "replace_security_groups_on_destroy": null,
            "replacement_security_group_ids": null,
            "reserved_concurrent_executions": -1,
            "role": "arn:aws:iam::175948132683:role/pp-backend-lambda-exec",
            "runtime": "nodejs20.x",
            "s3_bucket": null,
            "s3_key": null,
            "s3_object_version": null,
            "signing_job_arn": "",
            "signing_profile_version_arn": "",
            "skip_destroy": false,
            "snap_start": [],
            "source_code_hash": "W6yoSC78qyjQ7mkjtwO+0I3ba9VWc/nbmp0v8mRXp7o=",
            "source_code_size": 46263287,
            "tags": {},
            "tags_all": {},
            "timeout": 15,
            "timeouts": null,
            "tracing_config": [
              {
                "mode": "PassThrough"
              }
            ],
            "version": "$LATEST",
            "vpc_config": []
          },
          "sensitive_attributes": [
            [
              {
                "type": "get_attr",
                "value": "environment"
              },
              {
                "type": "index",
                "value": {
                  "value": 0,
                  "type": "number"
                }
              },
              {
                "type": "get_attr",
                "value": "variables"
              },
              {
                "type": "index",
                "value": {
                  "value": "DATABASE_URL",
                  "type": "string"
                }
              }
            ],
            [
              {
                "type": "get_attr",
                "value": "environment"
              },
              {
                "type": "index",
                "value": {
                  "value": 0,
                  "type": "number"
                }
              },
              {
                "type": "get_attr",
                "value": "variables"
              },
              {
                "type": "index",
                "value": {
                  "value": "SPOONACULAR_API_KEY",
                  "type": "string"
                }
              }
            ],
            [
              {
                "type": "get_attr",
                "value": "environment"
              },
              {
                "type": "index",
                "value": {
                  "value": 0,
                  "type": "number"
                }
              },
              {
                "type": "get_attr",
                "value": "variables"
              },
              {
                "type": "index",
                "value": {
                  "value": "UNSPLASH_ACCESS_KEY",
                  "type": "string"
                }
              }
            ]
          ],
          "identity_schema_version": 0,
          "private": "eyJlMmJmYjczMC1lY2FhLTExZTYtOGY4OC0zNDM2M2JjN2M0YzAiOnsiY3JlYXRlIjo2MDAwMDAwMDAwMDAsImRlbGV0ZSI6NjAwMDAwMDAwMDAwLCJ1cGRhdGUiOjYwMDAwMDAwMDAwMH19",
          "dependencies": [
            "aws_cognito_user_pool.main",
            "aws_cognito_user_pool_client.main",
            "aws_db_instance.main",
            "aws_db_subnet_group.main",
            "aws_iam_role.lambda_exec",
            "aws_s3_bucket.pantry_uploads",
            "aws_s3_bucket.recipe_cache",
            "aws_security_group.rds",
            "data.aws_subnets.default",
            "data.aws_vpc.default"
          ]
        }
      ]
    },
    {
      "mode": "managed",
      "type": "aws_lambda_permission",
      "name": "apigw",
      "provider": "provider[\"registry.terraform.io/hashicorp/aws\"]",
      "instances": [
        {
          "schema_version": 0,
          "attributes": {
            "action": "lambda:InvokeFunction",
            "event_source_token": null,
            "function_name": "pp-backend-api",
            "function_url_auth_type": null,
            "id": "terraform-20260418143108251100000002",
            "principal": "apigateway.amazonaws.com",
            "principal_org_id": null,
            "qualifier": "",
            "source_account": null,
            "source_arn": "arn:aws:execute-api:us-east-2:175948132683:67c2h49fs7/*/*",
            "statement_id": "terraform-20260418143108251100000002",
            "statement_id_prefix": "terraform-"
          },
          "sensitive_attributes": [],
          "identity_schema_version": 0,
          "private": "bnVsbA==",
          "dependencies": [
            "aws_apigatewayv2_api.http",
            "aws_cognito_user_pool.main",
            "aws_cognito_user_pool_client.main",
            "aws_db_instance.main",
            "aws_db_subnet_group.main",
            "aws_iam_role.lambda_exec",
            "aws_lambda_function.api",
            "aws_s3_bucket.pantry_uploads",
            "aws_s3_bucket.recipe_cache",
            "aws_security_group.rds",
            "data.aws_subnets.default",
            "data.aws_vpc.default"
          ]
        }
      ]
    },
    {
      "mode": "managed",
      "type": "aws_s3_bucket",
      "name": "pantry_uploads",
      "provider": "provider[\"registry.terraform.io/hashicorp/aws\"]",
      "instances": [
        {
          "schema_version": 0,
          "attributes": {
            "acceleration_status": "",
            "acl": null,
            "arn": "arn:aws:s3:::pp-backend-pantry-images",
            "bucket": "pp-backend-pantry-images",
            "bucket_domain_name": "pp-backend-pantry-images.s3.amazonaws.com",
            "bucket_prefix": "",
            "bucket_regional_domain_name": "pp-backend-pantry-images.s3.us-east-2.amazonaws.com",
            "cors_rule": [
              {
                "allowed_headers": [
                  "*"
                ],
                "allowed_methods": [
                  "POST",
                  "PUT"
                ],
                "allowed_origins": [
                  "*"
                ],
                "expose_headers": [],
                "max_age_seconds": 3000
              }
            ],
            "force_destroy": false,
            "grant": [
              {
                "id": "1433313fdb716a17571495922f335d375b02d12b3149ef3b885b41b266f0755b",
                "permissions": [
                  "FULL_CONTROL"
                ],
                "type": "CanonicalUser",
                "uri": ""
              }
            ],
            "hosted_zone_id": "Z2O1EMRO9K5GLX",
            "id": "pp-backend-pantry-images",
            "lifecycle_rule": [],
            "logging": [],
            "object_lock_configuration": [],
            "object_lock_enabled": false,
            "policy": "",
            "region": "us-east-2",
            "replication_configuration": [],
            "request_payer": "BucketOwner",
            "server_side_encryption_configuration": [
              {
                "rule": [
                  {
                    "apply_server_side_encryption_by_default": [
                      {
                        "kms_master_key_id": "",
                        "sse_algorithm": "AES256"
                      }
                    ],
                    "bucket_key_enabled": false
                  }
                ]
              }
            ],
            "tags": {},
            "tags_all": {},
            "timeouts": null,
            "versioning": [
              {
                "enabled": false,
                "mfa_delete": false
              }
            ],
            "website": [],
            "website_domain": null,
            "website_endpoint": null
          },
          "sensitive_attributes": [],
          "identity_schema_version": 0,
          "private": "eyJlMmJmYjczMC1lY2FhLTExZTYtOGY4OC0zNDM2M2JjN2M0YzAiOnsiY3JlYXRlIjoxMjAwMDAwMDAwMDAwLCJkZWxldGUiOjM2MDAwMDAwMDAwMDAsInJlYWQiOjEyMDAwMDAwMDAwMDAsInVwZGF0ZSI6MTIwMDAwMDAwMDAwMH19"
        }
      ]
    },
    {
      "mode": "managed",
      "type": "aws_s3_bucket",
      "name": "recipe_cache",
      "provider": "provider[\"registry.terraform.io/hashicorp/aws\"]",
      "instances": [
        {
          "schema_version": 0,
          "attributes": {
            "acceleration_status": "",
            "acl": null,
            "arn": "arn:aws:s3:::pp-backend-recipe-cache",
            "bucket": "pp-backend-recipe-cache",
            "bucket_domain_name": "pp-backend-recipe-cache.s3.amazonaws.com",
            "bucket_prefix": "",
            "bucket_regional_domain_name": "pp-backend-recipe-cache.s3.us-east-2.amazonaws.com",
            "cors_rule": [],
            "force_destroy": false,
            "grant": [
              {
                "id": "1433313fdb716a17571495922f335d375b02d12b3149ef3b885b41b266f0755b",
                "permissions": [
                  "FULL_CONTROL"
                ],
                "type": "CanonicalUser",
                "uri": ""
              }
            ],
            "hosted_zone_id": "Z2O1EMRO9K5GLX",
            "id": "pp-backend-recipe-cache",
            "lifecycle_rule": [],
            "logging": [],
            "object_lock_configuration": [],
            "object_lock_enabled": false,
            "policy": "",
            "region": "us-east-2",
            "replication_configuration": [],
            "request_payer": "BucketOwner",
            "server_side_encryption_configuration": [
              {
                "rule": [
                  {
                    "apply_server_side_encryption_by_default": [
                      {
                        "kms_master_key_id": "",
                        "sse_algorithm": "AES256"
                      }
                    ],
                    "bucket_key_enabled": false
                  }
                ]
              }
            ],
            "tags": {},
            "tags_all": {},
            "timeouts": null,
            "versioning": [
              {
                "enabled": false,
                "mfa_delete": false
              }
            ],
            "website": [],
            "website_domain": null,
            "website_endpoint": null
          },
          "sensitive_attributes": [],
          "identity_schema_version": 0,
          "private": "eyJlMmJmYjczMC1lY2FhLTExZTYtOGY4OC0zNDM2M2JjN2M0YzAiOnsiY3JlYXRlIjoxMjAwMDAwMDAwMDAwLCJkZWxldGUiOjM2MDAwMDAwMDAwMDAsInJlYWQiOjEyMDAwMDAwMDAwMDAsInVwZGF0ZSI6MTIwMDAwMDAwMDAwMH19"
        }
      ]
    },
    {
      "mode": "managed",
      "type": "aws_s3_bucket_cors_configuration",
      "name": "pantry_uploads",
      "provider": "provider[\"registry.terraform.io/hashicorp/aws\"]",
      "instances": [
        {
          "schema_version": 0,
          "attributes": {
            "bucket": "pp-backend-pantry-images",
            "cors_rule": [
              {
                "allowed_headers": [
                  "*"
                ],
                "allowed_methods": [
                  "POST",
                  "PUT"
                ],
                "allowed_origins": [
                  "*"
                ],
                "expose_headers": [],
                "id": "",
                "max_age_seconds": 3000
              }
            ],
            "expected_bucket_owner": "",
            "id": "pp-backend-pantry-images"
          },
          "sensitive_attributes": [],
          "identity_schema_version": 0,
          "private": "bnVsbA==",
          "dependencies": [
            "aws_s3_bucket.pantry_uploads"
          ]
        }
      ]
    },
    {
      "mode": "managed",
      "type": "aws_s3_bucket_public_access_block",
      "name": "pantry_uploads",
      "provider": "provider[\"registry.terraform.io/hashicorp/aws\"]",
      "instances": [
        {
          "schema_version": 0,
          "attributes": {
            "block_public_acls": true,
            "block_public_policy": true,
            "bucket": "pp-backend-pantry-images",
            "id": "pp-backend-pantry-images",
            "ignore_public_acls": true,
            "restrict_public_buckets": true
          },
          "sensitive_attributes": [],
          "identity_schema_version": 0,
          "private": "bnVsbA==",
          "dependencies": [
            "aws_s3_bucket.pantry_uploads"
          ]
        }
      ]
    },
    {
      "mode": "managed",
      "type": "aws_s3_bucket_public_access_block",
      "name": "recipe_cache",
      "provider": "provider[\"registry.terraform.io/hashicorp/aws\"]",
      "instances": [
        {
          "schema_version": 0,
          "attributes": {
            "block_public_acls": true,
            "block_public_policy": true,
            "bucket": "pp-backend-recipe-cache",
            "id": "pp-backend-recipe-cache",
            "ignore_public_acls": true,
            "restrict_public_buckets": true
          },
          "sensitive_attributes": [],
          "identity_schema_version": 0,
          "private": "bnVsbA==",
          "dependencies": [
            "aws_s3_bucket.recipe_cache"
          ]
        }
      ]
    },
    {
      "mode": "managed",
      "type": "aws_security_group",
      "name": "rds",
      "provider": "provider[\"registry.terraform.io/hashicorp/aws\"]",
      "instances": [
        {
          "schema_version": 1,
          "attributes": {
            "arn": "arn:aws:ec2:us-east-2:175948132683:security-group/sg-04d4e477e6891e402",
            "description": "Allow PostgreSQL inbound for PantryPal",
            "egress": [
              {
                "cidr_blocks": [
                  "0.0.0.0/0"
                ],
                "description": "",
                "from_port": 0,
                "ipv6_cidr_blocks": [],
                "prefix_list_ids": [],
                "protocol": "-1",
                "security_groups": [],
                "self": false,
                "to_port": 0
              }
            ],
            "id": "sg-04d4e477e6891e402",
            "ingress": [
              {
                "cidr_blocks": [
                  "0.0.0.0/0"
                ],
                "description": "PostgreSQL from anywhere (dev)",
                "from_port": 5432,
                "ipv6_cidr_blocks": [],
                "prefix_list_ids": [],
                "protocol": "tcp",
                "security_groups": [],
                "self": false,
                "to_port": 5432
              }
            ],
            "name": "pp-backend-rds-sg",
            "name_prefix": "",
            "owner_id": "175948132683",
            "revoke_rules_on_delete": false,
            "tags": {
              "Name": "pp-backend-rds-sg"
            },
            "tags_all": {
              "Name": "pp-backend-rds-sg"
            },
            "timeouts": null,
            "vpc_id": "vpc-0db7172ec4b71b52e"
          },
          "sensitive_attributes": [],
          "identity_schema_version": 0,
          "private": "eyJlMmJmYjczMC1lY2FhLTExZTYtOGY4OC0zNDM2M2JjN2M0YzAiOnsiY3JlYXRlIjo2MDAwMDAwMDAwMDAsImRlbGV0ZSI6OTAwMDAwMDAwMDAwfSwic2NoZW1hX3ZlcnNpb24iOiIxIn0=",
          "dependencies": [
            "data.aws_vpc.default"
          ]
        }
      ]
    }
  ],
  "check_results": null
}
